
Microsoft Visual Studio Solution File, Format Version 12.00
# Visual Studio 15
Project("{FAE04EC0-301F-11D3-BF4B-00C04F79EFBC}") = "Assembly-CSharp", "Assembly-CSharp.csproj", "{FA6A0A64-4D52-2BC3-D61E-9AA7F07DBF96}"
EndProject
Project("{FAE04EC0-301F-11D3-BF4B-00C04F79EFBC}") = "UniRx", "UniRx.csproj", "{24D38967-A91C-8E10-9356-BBB74084D75C}"
EndProject
Project("{FAE04EC0-301F-11D3-BF4B-00C04F79EFBC}") = "UniRx.Examples", "UniRx.Examples.csproj", "{040C9FC3-C230-724E-580D-157B610D3997}"
EndProject
Global
	GlobalSection(SolutionConfigurationPlatforms) = preSolution
		Debug|Any CPU = Debug|Any CPU
		Release|Any CPU = Release|Any CPU
	EndGlobalSection
	GlobalSection(ProjectConfigurationPlatforms) = postSolution
		{FA6A0A64-4D52-2BC3-D61E-9AA7F07DBF96}.Debug|Any CPU.ActiveCfg = Debug|Any CPU
		{FA6A0A64-4D52-2BC3-D61E-9AA7F07DBF96}.Debug|Any CPU.Build.0 = Debug|Any CPU
		{FA6A0A64-4D52-2BC3-D61E-9AA7F07DBF96}.Release|Any CPU.ActiveCfg = Release|Any CPU
		{FA6A0A64-4D52-2BC3-D61E-9AA7F07DBF96}.Release|Any CPU.Build.0 = Release|Any CPU
		{24D38967-A91C-8E10-9356-BBB74084D75C}.Debug|Any CPU.ActiveCfg = Debug|Any CPU
		{24D38967-A91C-8E10-9356-BBB74084D75C}.Debug|Any CPU.Build.0 = Debug|Any CPU
		{24D38967-A91C-8E10-9356-BBB74084D75C}.Release|Any CPU.ActiveCfg = Release|Any CPU
		{24D38967-A91C-8E10-9356-BBB74084D75C}.Release|Any CPU.Build.0 = Release|Any CPU
		{040C9FC3-C230-724E-580D-157B610D3997}.Debug|Any CPU.ActiveCfg = Debug|Any CPU
		{040C9FC3-C230-724E-580D-157B610D3997}.Debug|Any CPU.Build.0 = Debug|Any CPU
		{040C9FC3-C230-724E-580D-157B610D3997}.Release|Any CPU.ActiveCfg = Release|Any CPU
		{040C9FC3-C230-724E-580D-157B610D3997}.Release|Any CPU.Build.0 = Release|Any CPU
	EndGlobalSection
	GlobalSection(SolutionProperties) = preSolution
		HideSolutionNode = FALSE
	EndGlobalSection
EndGlobal
