
Microsoft Visual Studio Solution File, Format Version 12.00
# Visual Studio 15
Project("{FAE04EC0-301F-11D3-BF4B-00C04F79EFBC}") = "UniTask", "UniTask.csproj", "{DEE42BDE-46A0-BC88-E6B1-81B2B740B431}"
EndProject
Project("{FAE04EC0-301F-11D3-BF4B-00C04F79EFBC}") = "UniRx", "UniRx.csproj", "{24D38967-A91C-8E10-9356-BBB74084D75C}"
EndProject
Project("{FAE04EC0-301F-11D3-BF4B-00C04F79EFBC}") = "UniTask.Linq", "UniTask.Linq.csproj", "{3D51DCF4-631D-1AA1-7E81-33D18E8FC61A}"
EndProject
Project("{FAE04EC0-301F-11D3-BF4B-00C04F79EFBC}") = "Assembly-CSharp", "Assembly-CSharp.csproj", "{FA6A0A64-4D52-2BC3-D61E-9AA7F07DBF96}"
EndProject
Project("{FAE04EC0-301F-11D3-BF4B-00C04F79EFBC}") = "UniTask.DOTween", "UniTask.DOTween.csproj", "{C9ECBE87-3EA2-D8FE-AE82-32F3BC87A469}"
EndProject
Project("{FAE04EC0-301F-11D3-BF4B-00C04F79EFBC}") = "UniRx.Examples", "UniRx.Examples.csproj", "{040C9FC3-C230-724E-580D-157B610D3997}"
EndProject
Project("{FAE04EC0-301F-11D3-BF4B-00C04F79EFBC}") = "UniTask.TextMeshPro", "UniTask.TextMeshPro.csproj", "{19063A4F-6216-0DED-DF43-C8CE9F12C66C}"
EndProject
Project("{FAE04EC0-301F-11D3-BF4B-00C04F79EFBC}") = "UniTask.Addressables", "UniTask.Addressables.csproj", "{8DA1342B-5996-36DB-8418-4D638E2CE2BD}"
EndProject
Project("{FAE04EC0-301F-11D3-BF4B-00C04F79EFBC}") = "UniTask.Editor", "UniTask.Editor.csproj", "{F476FCAA-2DCF-4206-41EE-38A583975A93}"
EndProject
Global
	GlobalSection(SolutionConfigurationPlatforms) = preSolution
		Debug|Any CPU = Debug|Any CPU
		Release|Any CPU = Release|Any CPU
	EndGlobalSection
	GlobalSection(ProjectConfigurationPlatforms) = postSolution
		{DEE42BDE-46A0-BC88-E6B1-81B2B740B431}.Debug|Any CPU.ActiveCfg = Debug|Any CPU
		{DEE42BDE-46A0-BC88-E6B1-81B2B740B431}.Debug|Any CPU.Build.0 = Debug|Any CPU
		{DEE42BDE-46A0-BC88-E6B1-81B2B740B431}.Release|Any CPU.ActiveCfg = Release|Any CPU
		{DEE42BDE-46A0-BC88-E6B1-81B2B740B431}.Release|Any CPU.Build.0 = Release|Any CPU
		{24D38967-A91C-8E10-9356-BBB74084D75C}.Debug|Any CPU.ActiveCfg = Debug|Any CPU
		{24D38967-A91C-8E10-9356-BBB74084D75C}.Debug|Any CPU.Build.0 = Debug|Any CPU
		{24D38967-A91C-8E10-9356-BBB74084D75C}.Release|Any CPU.ActiveCfg = Release|Any CPU
		{24D38967-A91C-8E10-9356-BBB74084D75C}.Release|Any CPU.Build.0 = Release|Any CPU
		{3D51DCF4-631D-1AA1-7E81-33D18E8FC61A}.Debug|Any CPU.ActiveCfg = Debug|Any CPU
		{3D51DCF4-631D-1AA1-7E81-33D18E8FC61A}.Debug|Any CPU.Build.0 = Debug|Any CPU
		{3D51DCF4-631D-1AA1-7E81-33D18E8FC61A}.Release|Any CPU.ActiveCfg = Release|Any CPU
		{3D51DCF4-631D-1AA1-7E81-33D18E8FC61A}.Release|Any CPU.Build.0 = Release|Any CPU
		{FA6A0A64-4D52-2BC3-D61E-9AA7F07DBF96}.Debug|Any CPU.ActiveCfg = Debug|Any CPU
		{FA6A0A64-4D52-2BC3-D61E-9AA7F07DBF96}.Debug|Any CPU.Build.0 = Debug|Any CPU
		{FA6A0A64-4D52-2BC3-D61E-9AA7F07DBF96}.Release|Any CPU.ActiveCfg = Release|Any CPU
		{FA6A0A64-4D52-2BC3-D61E-9AA7F07DBF96}.Release|Any CPU.Build.0 = Release|Any CPU
		{C9ECBE87-3EA2-D8FE-AE82-32F3BC87A469}.Debug|Any CPU.ActiveCfg = Debug|Any CPU
		{C9ECBE87-3EA2-D8FE-AE82-32F3BC87A469}.Debug|Any CPU.Build.0 = Debug|Any CPU
		{C9ECBE87-3EA2-D8FE-AE82-32F3BC87A469}.Release|Any CPU.ActiveCfg = Release|Any CPU
		{C9ECBE87-3EA2-D8FE-AE82-32F3BC87A469}.Release|Any CPU.Build.0 = Release|Any CPU
		{040C9FC3-C230-724E-580D-157B610D3997}.Debug|Any CPU.ActiveCfg = Debug|Any CPU
		{040C9FC3-C230-724E-580D-157B610D3997}.Debug|Any CPU.Build.0 = Debug|Any CPU
		{040C9FC3-C230-724E-580D-157B610D3997}.Release|Any CPU.ActiveCfg = Release|Any CPU
		{040C9FC3-C230-724E-580D-157B610D3997}.Release|Any CPU.Build.0 = Release|Any CPU
		{19063A4F-6216-0DED-DF43-C8CE9F12C66C}.Debug|Any CPU.ActiveCfg = Debug|Any CPU
		{19063A4F-6216-0DED-DF43-C8CE9F12C66C}.Debug|Any CPU.Build.0 = Debug|Any CPU
		{19063A4F-6216-0DED-DF43-C8CE9F12C66C}.Release|Any CPU.ActiveCfg = Release|Any CPU
		{19063A4F-6216-0DED-DF43-C8CE9F12C66C}.Release|Any CPU.Build.0 = Release|Any CPU
		{8DA1342B-5996-36DB-8418-4D638E2CE2BD}.Debug|Any CPU.ActiveCfg = Debug|Any CPU
		{8DA1342B-5996-36DB-8418-4D638E2CE2BD}.Debug|Any CPU.Build.0 = Debug|Any CPU
		{8DA1342B-5996-36DB-8418-4D638E2CE2BD}.Release|Any CPU.ActiveCfg = Release|Any CPU
		{8DA1342B-5996-36DB-8418-4D638E2CE2BD}.Release|Any CPU.Build.0 = Release|Any CPU
		{F476FCAA-2DCF-4206-41EE-38A583975A93}.Debug|Any CPU.ActiveCfg = Debug|Any CPU
		{F476FCAA-2DCF-4206-41EE-38A583975A93}.Debug|Any CPU.Build.0 = Debug|Any CPU
		{F476FCAA-2DCF-4206-41EE-38A583975A93}.Release|Any CPU.ActiveCfg = Release|Any CPU
		{F476FCAA-2DCF-4206-41EE-38A583975A93}.Release|Any CPU.Build.0 = Release|Any CPU
	EndGlobalSection
	GlobalSection(SolutionProperties) = preSolution
		HideSolutionNode = FALSE
	EndGlobalSection
EndGlobal
